
Microsoft Visual Studio Solution File, Format Version 12.00
# Visual Studio Version 17
VisualStudioVersion = 17.9.34723.18
MinimumVisualStudioVersion = 10.0.40219.1
Project("{FAE04EC0-301F-11D3-BF4B-00C04F79EFBC}") = "IdentityEndpointError", "IdentityEndpointError\IdentityEndpointError\IdentityEndpointError.csproj", "{989D5D32-13B8-47C9-971C-8B808E96FC2D}"
EndProject
Project("{FAE04EC0-301F-11D3-BF4B-00C04F79EFBC}") = "IdentityEndpointError.Client", "IdentityEndpointError\IdentityEndpointError.Client\IdentityEndpointError.Client.csproj", "{C05FBBFE-F7C4-46BD-827D-189D2593552C}"
EndProject
Global
	GlobalSection(SolutionConfigurationPlatforms) = preSolution
		Debug|Any CPU = Debug|Any CPU
		Release|Any CPU = Release|Any CPU
	EndGlobalSection
	GlobalSection(ProjectConfigurationPlatforms) = postSolution
		{989D5D32-13B8-47C9-971C-8B808E96FC2D}.Debug|Any CPU.ActiveCfg = Debug|Any CPU
		{989D5D32-13B8-47C9-971C-8B808E96FC2D}.Debug|Any CPU.Build.0 = Debug|Any CPU
		{989D5D32-13B8-47C9-971C-8B808E96FC2D}.Release|Any CPU.ActiveCfg = Release|Any CPU
		{989D5D32-13B8-47C9-971C-8B808E96FC2D}.Release|Any CPU.Build.0 = Release|Any CPU
		{C05FBBFE-F7C4-46BD-827D-189D2593552C}.Debug|Any CPU.ActiveCfg = Debug|Any CPU
		{C05FBBFE-F7C4-46BD-827D-189D2593552C}.Debug|Any CPU.Build.0 = Debug|Any CPU
		{C05FBBFE-F7C4-46BD-827D-189D2593552C}.Release|Any CPU.ActiveCfg = Release|Any CPU
		{C05FBBFE-F7C4-46BD-827D-189D2593552C}.Release|Any CPU.Build.0 = Release|Any CPU
	EndGlobalSection
	GlobalSection(SolutionProperties) = preSolution
		HideSolutionNode = FALSE
	EndGlobalSection
	GlobalSection(ExtensibilityGlobals) = postSolution
		SolutionGuid = {F7AC517E-15A6-497D-966E-224B469073C1}
	EndGlobalSection
EndGlobal
